
Microsoft Visual Studio Solution File, Format Version 12.00
# Visual Studio Version 16
VisualStudioVersion = 16.0.29911.84
MinimumVisualStudioVersion = 10.0.40219.1
Project("{FAE04EC0-301F-11D3-BF4B-00C04F79EFBC}") = "RevisaoGeral_POO", "RevisaoGeral_POO\RevisaoGeral_POO.csproj", "{D65AC5E9-853F-48C0-B3A1-ADE5381CEE71}"
EndProject
Global
	GlobalSection(SolutionConfigurationPlatforms) = preSolution
		Debug|Any CPU = Debug|Any CPU
		Release|Any CPU = Release|Any CPU
	EndGlobalSection
	GlobalSection(ProjectConfigurationPlatforms) = postSolution
		{D65AC5E9-853F-48C0-B3A1-ADE5381CEE71}.Debug|Any CPU.ActiveCfg = Debug|Any CPU
		{D65AC5E9-853F-48C0-B3A1-ADE5381CEE71}.Debug|Any CPU.Build.0 = Debug|Any CPU
		{D65AC5E9-853F-48C0-B3A1-ADE5381CEE71}.Release|Any CPU.ActiveCfg = Release|Any CPU
		{D65AC5E9-853F-48C0-B3A1-ADE5381CEE71}.Release|Any CPU.Build.0 = Release|Any CPU
	EndGlobalSection
	GlobalSection(SolutionProperties) = preSolution
		HideSolutionNode = FALSE
	EndGlobalSection
	GlobalSection(ExtensibilityGlobals) = postSolution
		SolutionGuid = {02137935-CC3A-49A1-8F49-78BA0062BF4A}
	EndGlobalSection
EndGlobal
